
Microsoft Visual Studio Solution File, Format Version 12.00
# Visual Studio Version 17
VisualStudioVersion = 17.8.34525.116
MinimumVisualStudioVersion = 10.0.40219.1
Project("{9A19103F-16F7-4668-BE54-9A1E7A4F7556}") = "BudgetManagementAPI", "BudgetManagementAPI\BudgetManagementAPI.csproj", "{4194B455-A3BB-4D0A-9924-0CFBEBE721EF}"
EndProject
Project("{9A19103F-16F7-4668-BE54-9A1E7A4F7556}") = "BudgetManagementAPI.BgService", "BudgetManagement.BgService\BudgetManagementAPI.BgService.csproj", "{5F1358B3-D7C3-4FD1-94B4-3DF5E48C917B}"
EndProject
Project("{FAE04EC0-301F-11D3-BF4B-00C04F79EFBC}") = "BudgetManagementApi.Dtos", "BudgetManagementApi.Dtos\BudgetManagementApi.Dtos.csproj", "{F5F8134B-B17F-45C2-AF6E-ECDFC8D70FC0}"
EndProject
Project("{FAE04EC0-301F-11D3-BF4B-00C04F79EFBC}") = "BudgetManagementAPI.Entities", "BudgetManagementAPI.Entities\BudgetManagementAPI.Entities.csproj", "{8FD7F9AB-850E-4D46-B692-226E9F301D60}"
EndProject
Project("{FAE04EC0-301F-11D3-BF4B-00C04F79EFBC}") = "BudgetManagementAPI.Services", "BudgetManagementAPI.Services\BudgetManagementAPI.Services.csproj", "{DF1F3ACC-EFE7-46D4-88D7-BD1096EC9C8F}"
EndProject
Global
	GlobalSection(SolutionConfigurationPlatforms) = preSolution
		Debug|Any CPU = Debug|Any CPU
		Release|Any CPU = Release|Any CPU
	EndGlobalSection
	GlobalSection(ProjectConfigurationPlatforms) = postSolution
		{4194B455-A3BB-4D0A-9924-0CFBEBE721EF}.Debug|Any CPU.ActiveCfg = Debug|Any CPU
		{4194B455-A3BB-4D0A-9924-0CFBEBE721EF}.Debug|Any CPU.Build.0 = Debug|Any CPU
		{4194B455-A3BB-4D0A-9924-0CFBEBE721EF}.Release|Any CPU.ActiveCfg = Release|Any CPU
		{4194B455-A3BB-4D0A-9924-0CFBEBE721EF}.Release|Any CPU.Build.0 = Release|Any CPU
		{5F1358B3-D7C3-4FD1-94B4-3DF5E48C917B}.Debug|Any CPU.ActiveCfg = Debug|Any CPU
		{5F1358B3-D7C3-4FD1-94B4-3DF5E48C917B}.Debug|Any CPU.Build.0 = Debug|Any CPU
		{5F1358B3-D7C3-4FD1-94B4-3DF5E48C917B}.Release|Any CPU.ActiveCfg = Release|Any CPU
		{5F1358B3-D7C3-4FD1-94B4-3DF5E48C917B}.Release|Any CPU.Build.0 = Release|Any CPU
		{F5F8134B-B17F-45C2-AF6E-ECDFC8D70FC0}.Debug|Any CPU.ActiveCfg = Debug|Any CPU
		{F5F8134B-B17F-45C2-AF6E-ECDFC8D70FC0}.Debug|Any CPU.Build.0 = Debug|Any CPU
		{F5F8134B-B17F-45C2-AF6E-ECDFC8D70FC0}.Release|Any CPU.ActiveCfg = Release|Any CPU
		{F5F8134B-B17F-45C2-AF6E-ECDFC8D70FC0}.Release|Any CPU.Build.0 = Release|Any CPU
		{8FD7F9AB-850E-4D46-B692-226E9F301D60}.Debug|Any CPU.ActiveCfg = Debug|Any CPU
		{8FD7F9AB-850E-4D46-B692-226E9F301D60}.Debug|Any CPU.Build.0 = Debug|Any CPU
		{8FD7F9AB-850E-4D46-B692-226E9F301D60}.Release|Any CPU.ActiveCfg = Release|Any CPU
		{8FD7F9AB-850E-4D46-B692-226E9F301D60}.Release|Any CPU.Build.0 = Release|Any CPU
		{DF1F3ACC-EFE7-46D4-88D7-BD1096EC9C8F}.Debug|Any CPU.ActiveCfg = Debug|Any CPU
		{DF1F3ACC-EFE7-46D4-88D7-BD1096EC9C8F}.Debug|Any CPU.Build.0 = Debug|Any CPU
		{DF1F3ACC-EFE7-46D4-88D7-BD1096EC9C8F}.Release|Any CPU.ActiveCfg = Release|Any CPU
		{DF1F3ACC-EFE7-46D4-88D7-BD1096EC9C8F}.Release|Any CPU.Build.0 = Release|Any CPU
	EndGlobalSection
	GlobalSection(SolutionProperties) = preSolution
		HideSolutionNode = FALSE
	EndGlobalSection
	GlobalSection(ExtensibilityGlobals) = postSolution
		SolutionGuid = {A46E1A77-C22E-4577-BD62-61E69B8E8E84}
	EndGlobalSection
EndGlobal
